{
  "originHash" : "96bd5af6ab8480a5e783bc384727ee30f99c82ec248c06ff6c5a641af7763abd",
  "pins" : [
    {
      "identity" : "designreviewtoolkit",
      "kind" : "remoteSourceControl",
      "location" : "https://github.com/nthState/DesignReviewToolkit",
      "state" : {
        "revision" : "f9ec922f094e9fe76b445f1ada8ad569d9e7a7bc",
        "version" : "0.0.1"
      }
    },
    {
      "identity" : "swift-argument-parser",
      "kind" : "remoteSourceControl",
      "location" : "https://github.com/apple/swift-argument-parser",
      "state" : {
        "revision" : "c5d11a805e765f52ba34ec7284bd4fcd6ba68615",
        "version" : "1.7.0"
      }
    },
    {
      "identity" : "swift-syntax",
      "kind" : "remoteSourceControl",
      "location" : "https://github.com/swiftlang/swift-syntax.git",
      "state" : {
        "revision" : "4799286537280063c85a32f09884cfbca301b1a1",
        "version" : "602.0.0"
      }
    }
  ],
  "version" : 3
}
